<?xml version="1.0" encoding="utf-8"?>
<Project ToolsVersion="4.0" xmlns="http://schemas.microsoft.com/developer/msbuild/2003">
  <ItemGroup>
    <Filter Include="Source Files">
      <UniqueIdentifier>{4FC737F1-C7A5-4376-A066-2A32D752A2FF}</UniqueIdentifier>
      <Extensions>cpp;c;cc;cxx;c++;cppm;ixx;def;odl;idl;hpj;bat;asm;asmx</Extensions>
    </Filter>
    <Filter Include="Header Files">
      <UniqueIdentifier>{93995380-89BD-4b04-88EB-625FBE52EBFB}</UniqueIdentifier>
      <Extensions>h;hh;hpp;hxx;h++;hm;inl;inc;ipp;xsd</Extensions>
    </Filter>
    <Filter Include="Resource Files">
      <UniqueIdentifier>{67DA6AB6-F800-4c08-8B7A-83BB121AAD01}</UniqueIdentifier>
      <Extensions>rc;ico;cur;bmp;dlg;rc2;rct;bin;rgs;gif;jpg;jpeg;jpe;resx;tiff;tif;png;wav;mfcribbon-ms</Extensions>
    </Filter>
    <Filter Include="GL">
      <UniqueIdentifier>{0aa135ae-6506-42fc-b0ed-e76535ed61fe}</UniqueIdentifier>
    </Filter>
    <Filter Include="Shaders">
      <UniqueIdentifier>{9d849a3c-2e97-4795-a50e-0245cce0a22d}</UniqueIdentifier>
    </Filter>
    <Filter Include="Shaders\Vertex">
      <UniqueIdentifier>{f2c3d579-a2e6-4c06-b70b-d219335458b2}</UniqueIdentifier>
    </Filter>
    <Filter Include="Shaders\Pixel">
      <UniqueIdentifier>{9ce5e98c-1847-45be-a6c1-f81d8708ba9a}</UniqueIdentifier>
    </Filter>
    <Filter Include="Other Libraries">
      <UniqueIdentifier>{5ea8e508-250e-48ff-b291-75c92c148cb2}</UniqueIdentifier>
    </Filter>
    <Filter Include="Noise">
      <UniqueIdentifier>{b3ca2df5-55b9-4d5c-9893-81cbc51e1bf0}</UniqueIdentifier>
    </Filter>
    <Filter Include="lua">
      <UniqueIdentifier>{b25af6f5-4ca3-4ad9-a4cb-4b9732899928}</UniqueIdentifier>
    </Filter>
  </ItemGroup>
  <ItemGroup>
    <ClCompile Include="Source.cpp">
      <Filter>Source Files</Filter>
    </ClCompile>
    <ClCompile Include="glad.c">
      <Filter>GL</Filter>
    </ClCompile>
    <ClCompile Include="Shader.cpp">
      <Filter>Source Files</Filter>
    </ClCompile>
    <ClCompile Include="ResourceManager.cpp">
      <Filter>Source Files</Filter>
    </ClCompile>
    <ClCompile Include="Texture.cpp">
      <Filter>Source Files</Filter>
    </ClCompile>
    <ClCompile Include="node.cpp">
      <Filter>Source Files</Filter>
    </ClCompile>
    <ClCompile Include="node3D.cpp">
      <Filter>Source Files</Filter>
    </ClCompile>
    <ClCompile Include="camera.cpp">
      <Filter>Source Files</Filter>
    </ClCompile>
    <ClCompile Include="chunk.cpp">
      <Filter>Source Files</Filter>
    </ClCompile>
    <ClCompile Include="SparseBindlessTextureArray.cpp">
      <Filter>Source Files</Filter>
    </ClCompile>
    <ClCompile Include="BlockLibrary.cpp">
      <Filter>Source Files</Filter>
    </ClCompile>
    <ClCompile Include="ChunkSpace.cpp">
      <Filter>Source Files</Filter>
    </ClCompile>
    <ClCompile Include="LightManager.cpp">
      <Filter>Source Files</Filter>
    </ClCompile>
    <ClCompile Include="WorldSpace.cpp">
      <Filter>Source Files</Filter>
    </ClCompile>
    <ClCompile Include="LuaCPP\Engine\LuaState.cpp">
      <Filter>lua</Filter>
    </ClCompile>
    <ClCompile Include="LuaCPP\Engine\LuaTBoolean.cpp">
      <Filter>lua</Filter>
    </ClCompile>
    <ClCompile Include="LuaCPP\Engine\LuaTNil.cpp">
      <Filter>lua</Filter>
    </ClCompile>
    <ClCompile Include="LuaCPP\Engine\LuaTNumber.cpp">
      <Filter>lua</Filter>
    </ClCompile>
    <ClCompile Include="LuaCPP\Engine\LuaTString.cpp">
      <Filter>lua</Filter>
    </ClCompile>
    <ClCompile Include="LuaCPP\Engine\LuaTTable.cpp">
      <Filter>lua</Filter>
    </ClCompile>
    <ClCompile Include="LuaCPP\Engine\LuaTUserData.cpp">
      <Filter>lua</Filter>
    </ClCompile>
    <ClCompile Include="LuaCPP\Engine\LuaType.cpp">
      <Filter>lua</Filter>
    </ClCompile>
    <ClCompile Include="LuaCPP\lapi.c">
      <Filter>lua</Filter>
    </ClCompile>
    <ClCompile Include="LuaCPP\lauxlib.c">
      <Filter>lua</Filter>
    </ClCompile>
    <ClCompile Include="LuaCPP\lbaselib.c">
      <Filter>lua</Filter>
    </ClCompile>
    <ClCompile Include="LuaCPP\lcode.c">
      <Filter>lua</Filter>
    </ClCompile>
    <ClCompile Include="LuaCPP\lcorolib.c">
      <Filter>lua</Filter>
    </ClCompile>
    <ClCompile Include="LuaCPP\lctype.c">
      <Filter>lua</Filter>
    </ClCompile>
    <ClCompile Include="LuaCPP\ldblib.c">
      <Filter>lua</Filter>
    </ClCompile>
    <ClCompile Include="LuaCPP\ldebug.c">
      <Filter>lua</Filter>
    </ClCompile>
    <ClCompile Include="LuaCPP\ldo.c">
      <Filter>lua</Filter>
    </ClCompile>
    <ClCompile Include="LuaCPP\ldump.c">
      <Filter>lua</Filter>
    </ClCompile>
    <ClCompile Include="LuaCPP\lfunc.c">
      <Filter>lua</Filter>
    </ClCompile>
    <ClCompile Include="LuaCPP\lgc.c">
      <Filter>lua</Filter>
    </ClCompile>
    <ClCompile Include="LuaCPP\linit.c">
      <Filter>lua</Filter>
    </ClCompile>
    <ClCompile Include="LuaCPP\liolib.c">
      <Filter>lua</Filter>
    </ClCompile>
    <ClCompile Include="LuaCPP\llex.c">
      <Filter>lua</Filter>
    </ClCompile>
    <ClCompile Include="LuaCPP\lmathlib.c">
      <Filter>lua</Filter>
    </ClCompile>
    <ClCompile Include="LuaCPP\lmem.c">
      <Filter>lua</Filter>
    </ClCompile>
    <ClCompile Include="LuaCPP\loadlib.c">
      <Filter>lua</Filter>
    </ClCompile>
    <ClCompile Include="LuaCPP\lobject.c">
      <Filter>lua</Filter>
    </ClCompile>
    <ClCompile Include="LuaCPP\lopcodes.c">
      <Filter>lua</Filter>
    </ClCompile>
    <ClCompile Include="LuaCPP\loslib.c">
      <Filter>lua</Filter>
    </ClCompile>
    <ClCompile Include="LuaCPP\lparser.c">
      <Filter>lua</Filter>
    </ClCompile>
    <ClCompile Include="LuaCPP\lstate.c">
      <Filter>lua</Filter>
    </ClCompile>
    <ClCompile Include="LuaCPP\lstring.c">
      <Filter>lua</Filter>
    </ClCompile>
    <ClCompile Include="LuaCPP\lstrlib.c">
      <Filter>lua</Filter>
    </ClCompile>
    <ClCompile Include="LuaCPP\ltable.c">
      <Filter>lua</Filter>
    </ClCompile>
    <ClCompile Include="LuaCPP\ltablib.c">
      <Filter>lua</Filter>
    </ClCompile>
    <ClCompile Include="LuaCPP\ltm.c">
      <Filter>lua</Filter>
    </ClCompile>
    <ClCompile Include="LuaCPP\LuaContext.cpp">
      <Filter>lua</Filter>
    </ClCompile>
    <ClCompile Include="LuaCPP\LuaMetaObject.cpp">
      <Filter>lua</Filter>
    </ClCompile>
    <ClCompile Include="LuaCPP\LuaVersion.cpp">
      <Filter>lua</Filter>
    </ClCompile>
    <ClCompile Include="LuaCPP\lundump.c">
      <Filter>lua</Filter>
    </ClCompile>
    <ClCompile Include="LuaCPP\lutf8lib.c">
      <Filter>lua</Filter>
    </ClCompile>
    <ClCompile Include="LuaCPP\lvm.c">
      <Filter>lua</Filter>
    </ClCompile>
    <ClCompile Include="LuaCPP\lzio.c">
      <Filter>lua</Filter>
    </ClCompile>
    <ClCompile Include="LuaCPP\Registry\LuaCFunction.cpp">
      <Filter>lua</Filter>
    </ClCompile>
    <ClCompile Include="LuaCPP\Registry\LuaCodeSnippet.cpp">
      <Filter>lua</Filter>
    </ClCompile>
    <ClCompile Include="LuaCPP\Registry\LuaCompiler.cpp">
      <Filter>lua</Filter>
    </ClCompile>
    <ClCompile Include="LuaCPP\Registry\LuaLibrary.cpp">
      <Filter>lua</Filter>
    </ClCompile>
    <ClCompile Include="LuaCPP\Registry\LuaRegistry.cpp">
      <Filter>lua</Filter>
    </ClCompile>
    <ClCompile Include="PartSpace.cpp">
      <Filter>Source Files</Filter>
    </ClCompile>
    <ClCompile Include="Model.cpp">
      <Filter>Source Files</Filter>
    </ClCompile>
    <ClCompile Include="ModelLibrary.cpp">
      <Filter>Source Files</Filter>
    </ClCompile>
    <ClCompile Include="node2D.cpp">
      <Filter>Source Files</Filter>
    </ClCompile>
    <ClCompile Include="Sprite.cpp">
      <Filter>Source Files</Filter>
    </ClCompile>
  </ItemGroup>
  <ItemGroup>
    <None Include="packages.config" />
    <None Include="sprite.ps">
      <Filter>Shaders\Pixel</Filter>
    </None>
    <None Include="sprite.vs">
      <Filter>Shaders\Vertex</Filter>
    </None>
  </ItemGroup>
  <ItemGroup>
    <ClInclude Include="Shader.h">
      <Filter>Header Files</Filter>
    </ClInclude>
    <ClInclude Include="ResourceManager.h">
      <Filter>Header Files</Filter>
    </ClInclude>
    <ClInclude Include="stb_image.h">
      <Filter>GL</Filter>
    </ClInclude>
    <ClInclude Include="Texture.h">
      <Filter>Header Files</Filter>
    </ClInclude>
    <ClInclude Include="node.h">
      <Filter>Header Files</Filter>
    </ClInclude>
    <ClInclude Include="node3D.h">
      <Filter>Header Files</Filter>
    </ClInclude>
    <ClInclude Include="camera.h">
      <Filter>Header Files</Filter>
    </ClInclude>
    <ClInclude Include="chunk.h">
      <Filter>Header Files</Filter>
    </ClInclude>
    <ClInclude Include="block.h">
      <Filter>Header Files</Filter>
    </ClInclude>
    <ClInclude Include="SparseBindlessTextureArray.h">
      <Filter>Header Files</Filter>
    </ClInclude>
    <ClInclude Include="BlockLibrary.h">
      <Filter>Header Files</Filter>
    </ClInclude>
    <ClInclude Include="globals.h">
      <Filter>Header Files</Filter>
    </ClInclude>
    <ClInclude Include="json.hpp">
      <Filter>Other Libraries</Filter>
    </ClInclude>
    <ClInclude Include="ChunkSpace.h">
      <Filter>Header Files</Filter>
    </ClInclude>
    <ClInclude Include="LightManager.h">
      <Filter>Header Files</Filter>
    </ClInclude>
    <ClInclude Include="FastNoiseLite.h">
      <Filter>Noise</Filter>
    </ClInclude>
    <ClInclude Include="WorldSpace.h">
      <Filter>Header Files</Filter>
    </ClInclude>
    <ClInclude Include="LuaCPP\Engine\LuaState.hpp">
      <Filter>lua</Filter>
    </ClInclude>
    <ClInclude Include="LuaCPP\Engine\LuaTBoolean.hpp">
      <Filter>lua</Filter>
    </ClInclude>
    <ClInclude Include="LuaCPP\Engine\LuaTNil.hpp">
      <Filter>lua</Filter>
    </ClInclude>
    <ClInclude Include="LuaCPP\Engine\LuaTNumber.hpp">
      <Filter>lua</Filter>
    </ClInclude>
    <ClInclude Include="LuaCPP\Engine\LuaTString.hpp">
      <Filter>lua</Filter>
    </ClInclude>
    <ClInclude Include="LuaCPP\Engine\LuaTTable.hpp">
      <Filter>lua</Filter>
    </ClInclude>
    <ClInclude Include="LuaCPP\Engine\LuaTUserData.hpp">
      <Filter>lua</Filter>
    </ClInclude>
    <ClInclude Include="LuaCPP\Engine\LuaType.hpp">
      <Filter>lua</Filter>
    </ClInclude>
    <ClInclude Include="LuaCPP\lapi.h">
      <Filter>lua</Filter>
    </ClInclude>
    <ClInclude Include="LuaCPP\lauxlib.h">
      <Filter>lua</Filter>
    </ClInclude>
    <ClInclude Include="LuaCPP\lcode.h">
      <Filter>lua</Filter>
    </ClInclude>
    <ClInclude Include="LuaCPP\lctype.h">
      <Filter>lua</Filter>
    </ClInclude>
    <ClInclude Include="LuaCPP\ldebug.h">
      <Filter>lua</Filter>
    </ClInclude>
    <ClInclude Include="LuaCPP\ldo.h">
      <Filter>lua</Filter>
    </ClInclude>
    <ClInclude Include="LuaCPP\lfunc.h">
      <Filter>lua</Filter>
    </ClInclude>
    <ClInclude Include="LuaCPP\lgc.h">
      <Filter>lua</Filter>
    </ClInclude>
    <ClInclude Include="LuaCPP\ljumptab.h">
      <Filter>lua</Filter>
    </ClInclude>
    <ClInclude Include="LuaCPP\llex.h">
      <Filter>lua</Filter>
    </ClInclude>
    <ClInclude Include="LuaCPP\llimits.h">
      <Filter>lua</Filter>
    </ClInclude>
    <ClInclude Include="LuaCPP\lmem.h">
      <Filter>lua</Filter>
    </ClInclude>
    <ClInclude Include="LuaCPP\lobject.h">
      <Filter>lua</Filter>
    </ClInclude>
    <ClInclude Include="LuaCPP\lopcodes.h">
      <Filter>lua</Filter>
    </ClInclude>
    <ClInclude Include="LuaCPP\lopnames.h">
      <Filter>lua</Filter>
    </ClInclude>
    <ClInclude Include="LuaCPP\lparser.h">
      <Filter>lua</Filter>
    </ClInclude>
    <ClInclude Include="LuaCPP\lprefix.h">
      <Filter>lua</Filter>
    </ClInclude>
    <ClInclude Include="LuaCPP\lstate.h">
      <Filter>lua</Filter>
    </ClInclude>
    <ClInclude Include="LuaCPP\lstring.h">
      <Filter>lua</Filter>
    </ClInclude>
    <ClInclude Include="LuaCPP\ltable.h">
      <Filter>lua</Filter>
    </ClInclude>
    <ClInclude Include="LuaCPP\ltm.h">
      <Filter>lua</Filter>
    </ClInclude>
    <ClInclude Include="LuaCPP\lua.h">
      <Filter>lua</Filter>
    </ClInclude>
    <ClInclude Include="LuaCPP\lua.hpp">
      <Filter>lua</Filter>
    </ClInclude>
    <ClInclude Include="LuaCPP\luaconf.h">
      <Filter>lua</Filter>
    </ClInclude>
    <ClInclude Include="LuaCPP\LuaContext.hpp">
      <Filter>lua</Filter>
    </ClInclude>
    <ClInclude Include="LuaCPP\LuaCpp.hpp">
      <Filter>lua</Filter>
    </ClInclude>
    <ClInclude Include="LuaCPP\lualib.h">
      <Filter>lua</Filter>
    </ClInclude>
    <ClInclude Include="LuaCPP\LuaMetaObject.hpp">
      <Filter>lua</Filter>
    </ClInclude>
    <ClInclude Include="LuaCPP\LuaVersion.hpp">
      <Filter>lua</Filter>
    </ClInclude>
    <ClInclude Include="LuaCPP\lundump.h">
      <Filter>lua</Filter>
    </ClInclude>
    <ClInclude Include="LuaCPP\lvm.h">
      <Filter>lua</Filter>
    </ClInclude>
    <ClInclude Include="LuaCPP\lzio.h">
      <Filter>lua</Filter>
    </ClInclude>
    <ClInclude Include="LuaCPP\Registry\LuaCFunction.hpp">
      <Filter>lua</Filter>
    </ClInclude>
    <ClInclude Include="LuaCPP\Registry\LuaCodeSnippet.hpp">
      <Filter>lua</Filter>
    </ClInclude>
    <ClInclude Include="LuaCPP\Registry\LuaCompiler.hpp">
      <Filter>lua</Filter>
    </ClInclude>
    <ClInclude Include="LuaCPP\Registry\LuaLibrary.hpp">
      <Filter>lua</Filter>
    </ClInclude>
    <ClInclude Include="LuaCPP\Registry\LuaRegistry.hpp">
      <Filter>lua</Filter>
    </ClInclude>
    <ClInclude Include="PartSpace.h">
      <Filter>Header Files</Filter>
    </ClInclude>
    <ClInclude Include="Model.h">
      <Filter>Header Files</Filter>
    </ClInclude>
    <ClInclude Include="ModelLibrary.h">
      <Filter>Header Files</Filter>
    </ClInclude>
    <ClInclude Include="node2D.h">
      <Filter>Header Files</Filter>
    </ClInclude>
    <ClInclude Include="Sprite.h">
      <Filter>Header Files</Filter>
    </ClInclude>
  </ItemGroup>
  <ItemGroup>
    <Text Include="tri.ps">
      <Filter>Shaders\Pixel</Filter>
    </Text>
    <Text Include="tri.vs">
      <Filter>Shaders\Vertex</Filter>
    </Text>
  </ItemGroup>
</Project>